Microsoft Visual Studio Solution File, Format Version 12.00
# Visual Studio Version 17
VisualStudioVersion = 17.5.2.0
MinimumVisualStudioVersion = 10.0.40219.1
Project("{FAE04EC0-301F-11D3-BF4B-00C04F79EFBC}") = "ToDoPlatform", "ToDoPlatform\ToDoPlatform.csproj", "{DBB9A377-014A-684E-5728-7744B8A2ECC6}"
EndProject
Global
	GlobalSection(SolutionConfigurationPlatforms) = preSolution
		Debug|Any CPU = Debug|Any CPU
		Release|Any CPU = Release|Any CPU
	EndGlobalSection
	GlobalSection(ProjectConfigurationPlatforms) = postSolution
		{DBB9A377-014A-684E-5728-7744B8A2ECC6}.Debug|Any CPU.ActiveCfg = Debug|Any CPU
		{DBB9A377-014A-684E-5728-7744B8A2ECC6}.Debug|Any CPU.Build.0 = Debug|Any CPU
		{DBB9A377-014A-684E-5728-7744B8A2ECC6}.Release|Any CPU.ActiveCfg = Release|Any CPU
		{DBB9A377-014A-684E-5728-7744B8A2ECC6}.Release|Any CPU.Build.0 = Release|Any CPU
	EndGlobalSection
	GlobalSection(SolutionProperties) = preSolution
		HideSolutionNode = FALSE
	EndGlobalSection
	GlobalSection(ExtensibilityGlobals) = postSolution
		SolutionGuid = {75441439-138C-4233-950F-1374FDC1E692}
	EndGlobalSection
EndGlobal
